
Microsoft Visual Studio Solution File, Format Version 12.00
# Visual Studio 15
VisualStudioVersion = 15.0.26730.12
MinimumVisualStudioVersion = 10.0.40219.1
Project("{9A19103F-16F7-4668-BE54-9A1E7A4F7556}") = "CustomerAppBLL", "CustomerAppBLL\CustomerAppBLL.csproj", "{AA8BBCA7-25BA-4867-9741-E21AA0B95A14}"
EndProject
Project("{9A19103F-16F7-4668-BE54-9A1E7A4F7556}") = "CustomerAppDAL", "CustomerAppDAL\CustomerAppDAL.csproj", "{AA94523D-911B-473C-8D76-85DF9F7791E4}"
EndProject
Project("{9A19103F-16F7-4668-BE54-9A1E7A4F7556}") = "CustomerAppUI", "CustomerAppUI\CustomerAppUI.csproj", "{9ED15369-1BC8-482D-92A5-2FEE8C3D2747}"
EndProject
Project("{FAE04EC0-301F-11D3-BF4B-00C04F79EFBC}") = "CustomerRestAPI", "CustomerRestAPI\CustomerRestAPI.csproj", "{9E231681-B1B4-4C9D-829B-973C12ABDB76}"
EndProject
Global
	GlobalSection(SolutionConfigurationPlatforms) = preSolution
		Debug|Any CPU = Debug|Any CPU
		Release|Any CPU = Release|Any CPU
	EndGlobalSection
	GlobalSection(ProjectConfigurationPlatforms) = postSolution
		{AA8BBCA7-25BA-4867-9741-E21AA0B95A14}.Debug|Any CPU.ActiveCfg = Debug|Any CPU
		{AA8BBCA7-25BA-4867-9741-E21AA0B95A14}.Debug|Any CPU.Build.0 = Debug|Any CPU
		{AA8BBCA7-25BA-4867-9741-E21AA0B95A14}.Release|Any CPU.ActiveCfg = Release|Any CPU
		{AA8BBCA7-25BA-4867-9741-E21AA0B95A14}.Release|Any CPU.Build.0 = Release|Any CPU
		{AA94523D-911B-473C-8D76-85DF9F7791E4}.Debug|Any CPU.ActiveCfg = Debug|Any CPU
		{AA94523D-911B-473C-8D76-85DF9F7791E4}.Debug|Any CPU.Build.0 = Debug|Any CPU
		{AA94523D-911B-473C-8D76-85DF9F7791E4}.Release|Any CPU.ActiveCfg = Release|Any CPU
		{AA94523D-911B-473C-8D76-85DF9F7791E4}.Release|Any CPU.Build.0 = Release|Any CPU
		{9ED15369-1BC8-482D-92A5-2FEE8C3D2747}.Debug|Any CPU.ActiveCfg = Debug|Any CPU
		{9ED15369-1BC8-482D-92A5-2FEE8C3D2747}.Debug|Any CPU.Build.0 = Debug|Any CPU
		{9ED15369-1BC8-482D-92A5-2FEE8C3D2747}.Release|Any CPU.ActiveCfg = Release|Any CPU
		{9ED15369-1BC8-482D-92A5-2FEE8C3D2747}.Release|Any CPU.Build.0 = Release|Any CPU
		{9E231681-B1B4-4C9D-829B-973C12ABDB76}.Debug|Any CPU.ActiveCfg = Debug|Any CPU
		{9E231681-B1B4-4C9D-829B-973C12ABDB76}.Debug|Any CPU.Build.0 = Debug|Any CPU
		{9E231681-B1B4-4C9D-829B-973C12ABDB76}.Release|Any CPU.ActiveCfg = Release|Any CPU
		{9E231681-B1B4-4C9D-829B-973C12ABDB76}.Release|Any CPU.Build.0 = Release|Any CPU
	EndGlobalSection
	GlobalSection(SolutionProperties) = preSolution
		HideSolutionNode = FALSE
	EndGlobalSection
	GlobalSection(ExtensibilityGlobals) = postSolution
		SolutionGuid = {E52D30CE-B1ED-4889-99BA-A39AF937D2E0}
	EndGlobalSection
EndGlobal
